
Microsoft Visual Studio Solution File, Format Version 12.00
# Visual Studio Version 17
VisualStudioVersion = 17.5.002.0
MinimumVisualStudioVersion = 10.0.40219.1
Project("{9A19103F-16F7-4668-BE54-9A1E7A4F7556}") = "RhythmsOfGiving", "RhythmsOfGiving.csproj", "{5E792B07-E3BF-428A-9A63-3FEDED1E1174}"
EndProject
Global
	GlobalSection(SolutionConfigurationPlatforms) = preSolution
		Debug|Any CPU = Debug|Any CPU
		Release|Any CPU = Release|Any CPU
	EndGlobalSection
	GlobalSection(ProjectConfigurationPlatforms) = postSolution
		{5E792B07-E3BF-428A-9A63-3FEDED1E1174}.Debug|Any CPU.ActiveCfg = Debug|Any CPU
		{5E792B07-E3BF-428A-9A63-3FEDED1E1174}.Debug|Any CPU.Build.0 = Debug|Any CPU
		{5E792B07-E3BF-428A-9A63-3FEDED1E1174}.Release|Any CPU.ActiveCfg = Release|Any CPU
		{5E792B07-E3BF-428A-9A63-3FEDED1E1174}.Release|Any CPU.Build.0 = Release|Any CPU
	EndGlobalSection
	GlobalSection(SolutionProperties) = preSolution
		HideSolutionNode = FALSE
	EndGlobalSection
	GlobalSection(ExtensibilityGlobals) = postSolution
		SolutionGuid = {18E0D2B0-2CB5-4E83-B323-B80B064585A0}
	EndGlobalSection
EndGlobal
